// !$*UTF8*$!
{
	archiveVersion = 1;
	classes = {
	};
	objectVersion = 56;
	objects = {

/* Begin PBXBuildFile section */
		A66E4A9E2B07C6240042B486 /* UserManager.swift in Sources */ = {isa = PBXBuildFile; fileRef = A66E4A9D2B07C6240042B486 /* UserManager.swift */; };
		A66E4ADC2B086CBA0042B486 /* FirebaseAuth in Frameworks */ = {isa = PBXBuildFile; productRef = A66E4ADB2B086CBA0042B486 /* FirebaseAuth */; };
		A66E4AE02B087B390042B486 /* MainTabBarController.swift in Sources */ = {isa = PBXBuildFile; fileRef = A66E4ADF2B087B390042B486 /* MainTabBarController.swift */; };
		A66E4AE22B087C710042B486 /* QuotesViewController.swift in Sources */ = {isa = PBXBuildFile; fileRef = A66E4AE12B087C710042B486 /* QuotesViewController.swift */; };
		A66E4AE42B087C840042B486 /* NewQuoteViewController.swift in Sources */ = {isa = PBXBuildFile; fileRef = A66E4AE32B087C840042B486 /* NewQuoteViewController.swift */; };
		A66E4AE62B087C950042B486 /* SettingViewController.swift in Sources */ = {isa = PBXBuildFile; fileRef = A66E4AE52B087C950042B486 /* SettingViewController.swift */; };
		A66E4AE82B08A51E0042B486 /* FirebaseFirestore in Frameworks */ = {isa = PBXBuildFile; productRef = A66E4AE72B08A51E0042B486 /* FirebaseFirestore */; };
		A66E4AEA2B08A5230042B486 /* FirebaseFirestoreSwift in Frameworks */ = {isa = PBXBuildFile; productRef = A66E4AE92B08A5230042B486 /* FirebaseFirestoreSwift */; };
		A66E4AED2B08A6540042B486 /* SnapKit in Frameworks */ = {isa = PBXBuildFile; productRef = A66E4AEC2B08A6540042B486 /* SnapKit */; };
		A6D93A702B06694700FF0536 /* AppDelegate.swift in Sources */ = {isa = PBXBuildFile; fileRef = A6D93A6F2B06694700FF0536 /* AppDelegate.swift */; };
		A6D93A722B06694700FF0536 /* SceneDelegate.swift in Sources */ = {isa = PBXBuildFile; fileRef = A6D93A712B06694700FF0536 /* SceneDelegate.swift */; };
		A6D93A742B06694700FF0536 /* LoginViewController.swift in Sources */ = {isa = PBXBuildFile; fileRef = A6D93A732B06694700FF0536 /* LoginViewController.swift */; };
		A6D93A792B06694900FF0536 /* Assets.xcassets in Resources */ = {isa = PBXBuildFile; fileRef = A6D93A782B06694900FF0536 /* Assets.xcassets */; };
		A6D93A7C2B06694900FF0536 /* LaunchScreen.storyboard in Resources */ = {isa = PBXBuildFile; fileRef = A6D93A7A2B06694900FF0536 /* LaunchScreen.storyboard */; };
		A6D93AA72B07997500FF0536 /* GoogleSignIn in Frameworks */ = {isa = PBXBuildFile; productRef = A6D93AA62B07997500FF0536 /* GoogleSignIn */; };
		A6D93AA92B07997500FF0536 /* GoogleSignInSwift in Frameworks */ = {isa = PBXBuildFile; productRef = A6D93AA82B07997500FF0536 /* GoogleSignInSwift */; };
		A6D93AAB2B079A6B00FF0536 /* GoogleService-Info.plist in Resources */ = {isa = PBXBuildFile; fileRef = A6D93AAA2B079A6B00FF0536 /* GoogleService-Info.plist */; };
		A6D93AB22B07C15200FF0536 /* User.swift in Sources */ = {isa = PBXBuildFile; fileRef = A6D93AB12B07C15200FF0536 /* User.swift */; };
		A6D93AB42B07C37300FF0536 /* RootViewController.swift in Sources */ = {isa = PBXBuildFile; fileRef = A6D93AB32B07C37300FF0536 /* RootViewController.swift */; };
/* End PBXBuildFile section */

/* Begin PBXFileReference section */
		A66E4A9D2B07C6240042B486 /* UserManager.swift */ = {isa = PBXFileReference; lastKnownFileType = sourcecode.swift; path = UserManager.swift; sourceTree = "<group>"; };
		A66E4ADF2B087B390042B486 /* MainTabBarController.swift */ = {isa = PBXFileReference; lastKnownFileType = sourcecode.swift; path = MainTabBarController.swift; sourceTree = "<group>"; };
		A66E4AE12B087C710042B486 /* QuotesViewController.swift */ = {isa = PBXFileReference; lastKnownFileType = sourcecode.swift; path = QuotesViewController.swift; sourceTree = "<group>"; };
		A66E4AE32B087C840042B486 /* NewQuoteViewController.swift */ = {isa = PBXFileReference; lastKnownFileType = sourcecode.swift; path = NewQuoteViewController.swift; sourceTree = "<group>"; };
		A66E4AE52B087C950042B486 /* SettingViewController.swift */ = {isa = PBXFileReference; lastKnownFileType = sourcecode.swift; path = SettingViewController.swift; sourceTree = "<group>"; };
		A6D93A6C2B06694700FF0536 /* mySentence.app */ = {isa = PBXFileReference; explicitFileType = wrapper.application; includeInIndex = 0; path = mySentence.app; sourceTree = BUILT_PRODUCTS_DIR; };
		A6D93A6F2B06694700FF0536 /* AppDelegate.swift */ = {isa = PBXFileReference; lastKnownFileType = sourcecode.swift; path = AppDelegate.swift; sourceTree = "<group>"; };
		A6D93A712B06694700FF0536 /* SceneDelegate.swift */ = {isa = PBXFileReference; lastKnownFileType = sourcecode.swift; path = SceneDelegate.swift; sourceTree = "<group>"; };
		A6D93A732B06694700FF0536 /* LoginViewController.swift */ = {isa = PBXFileReference; lastKnownFileType = sourcecode.swift; path = LoginViewController.swift; sourceTree = "<group>"; };
		A6D93A782B06694900FF0536 /* Assets.xcassets */ = {isa = PBXFileReference; lastKnownFileType = folder.assetcatalog; path = Assets.xcassets; sourceTree = "<group>"; };
		A6D93A7B2B06694900FF0536 /* Base */ = {isa = PBXFileReference; lastKnownFileType = file.storyboard; name = Base; path = Base.lproj/LaunchScreen.storyboard; sourceTree = "<group>"; };
		A6D93A7D2B06694900FF0536 /* Info.plist */ = {isa = PBXFileReference; lastKnownFileType = text.plist.xml; path = Info.plist; sourceTree = "<group>"; };
		A6D93AAA2B079A6B00FF0536 /* GoogleService-Info.plist */ = {isa = PBXFileReference; fileEncoding = 4; lastKnownFileType = text.plist.xml; path = "GoogleService-Info.plist"; sourceTree = "<group>"; };
		A6D93AB12B07C15200FF0536 /* User.swift */ = {isa = PBXFileReference; lastKnownFileType = sourcecode.swift; path = User.swift; sourceTree = "<group>"; };
		A6D93AB32B07C37300FF0536 /* RootViewController.swift */ = {isa = PBXFileReference; lastKnownFileType = sourcecode.swift; path = RootViewController.swift; sourceTree = "<group>"; };
/* End PBXFileReference section */

/* Begin PBXFrameworksBuildPhase section */
		A6D93A692B06694700FF0536 /* Frameworks */ = {
			isa = PBXFrameworksBuildPhase;
			buildActionMask = 2147483647;
			files = (
				A66E4AEA2B08A5230042B486 /* FirebaseFirestoreSwift in Frameworks */,
				A6D93AA92B07997500FF0536 /* GoogleSignInSwift in Frameworks */,
				A66E4AE82B08A51E0042B486 /* FirebaseFirestore in Frameworks */,
				A66E4AED2B08A6540042B486 /* SnapKit in Frameworks */,
				A66E4ADC2B086CBA0042B486 /* FirebaseAuth in Frameworks */,
				A6D93AA72B07997500FF0536 /* GoogleSignIn in Frameworks */,
			);
			runOnlyForDeploymentPostprocessing = 0;
		};
/* End PBXFrameworksBuildPhase section */

/* Begin PBXGroup section */
		A66E4AA12B07D4A30042B486 /* ViewController */ = {
			isa = PBXGroup;
			children = (
				A6D93AB32B07C37300FF0536 /* RootViewController.swift */,
				A6D93A732B06694700FF0536 /* LoginViewController.swift */,
				A66E4ADF2B087B390042B486 /* MainTabBarController.swift */,
				A66E4AE12B087C710042B486 /* QuotesViewController.swift */,
				A66E4AE32B087C840042B486 /* NewQuoteViewController.swift */,
				A66E4AE52B087C950042B486 /* SettingViewController.swift */,
			);
			path = ViewController;
			sourceTree = "<group>";
		};
		A6D93A632B06694700FF0536 = {
			isa = PBXGroup;
			children = (
				A6D93A6E2B06694700FF0536 /* mySentence */,
				A6D93A6D2B06694700FF0536 /* Products */,
				A6D93A9B2B07566B00FF0536 /* Frameworks */,
			);
			sourceTree = "<group>";
		};
		A6D93A6D2B06694700FF0536 /* Products */ = {
			isa = PBXGroup;
			children = (
				A6D93A6C2B06694700FF0536 /* mySentence.app */,
			);
			name = Products;
			sourceTree = "<group>";
		};
		A6D93A6E2B06694700FF0536 /* mySentence */ = {
			isa = PBXGroup;
			children = (
				A66E4AA12B07D4A30042B486 /* ViewController */,
				A6D93AB52B07C5B600FF0536 /* Service */,
				A6D93AB02B07C13300FF0536 /* Model */,
				A6D93A6F2B06694700FF0536 /* AppDelegate.swift */,
				A6D93A712B06694700FF0536 /* SceneDelegate.swift */,
				A6D93A782B06694900FF0536 /* Assets.xcassets */,
				A6D93A7A2B06694900FF0536 /* LaunchScreen.storyboard */,
				A6D93A7D2B06694900FF0536 /* Info.plist */,
				A6D93AAA2B079A6B00FF0536 /* GoogleService-Info.plist */,
			);
			path = mySentence;
			sourceTree = "<group>";
		};
		A6D93A9B2B07566B00FF0536 /* Frameworks */ = {
			isa = PBXGroup;
			children = (
			);
			name = Frameworks;
			sourceTree = "<group>";
		};
		A6D93AB02B07C13300FF0536 /* Model */ = {
			isa = PBXGroup;
			children = (
				A6D93AB12B07C15200FF0536 /* User.swift */,
			);
			path = Model;
			sourceTree = "<group>";
		};
		A6D93AB52B07C5B600FF0536 /* Service */ = {
			isa = PBXGroup;
			children = (
				A66E4A9D2B07C6240042B486 /* UserManager.swift */,
			);
			path = Service;
			sourceTree = "<group>";
		};
/* End PBXGroup section */

/* Begin PBXNativeTarget section */
		A6D93A6B2B06694700FF0536 /* mySentence */ = {
			isa = PBXNativeTarget;
			buildConfigurationList = A6D93A802B06694900FF0536 /* Build configuration list for PBXNativeTarget "mySentence" */;
			buildPhases = (
				A6D93A682B06694700FF0536 /* Sources */,
				A6D93A692B06694700FF0536 /* Frameworks */,
				A6D93A6A2B06694700FF0536 /* Resources */,
			);
			buildRules = (
			);
			dependencies = (
			);
			name = mySentence;
			packageProductDependencies = (
				A6D93AA62B07997500FF0536 /* GoogleSignIn */,
				A6D93AA82B07997500FF0536 /* GoogleSignInSwift */,
				A66E4ADB2B086CBA0042B486 /* FirebaseAuth */,
				A66E4AE72B08A51E0042B486 /* FirebaseFirestore */,
				A66E4AE92B08A5230042B486 /* FirebaseFirestoreSwift */,
				A66E4AEC2B08A6540042B486 /* SnapKit */,
			);
			productName = mySentence;
			productReference = A6D93A6C2B06694700FF0536 /* mySentence.app */;
			productType = "com.apple.product-type.application";
		};
/* End PBXNativeTarget section */

/* Begin PBXProject section */
		A6D93A642B06694700FF0536 /* Project object */ = {
			isa = PBXProject;
			attributes = {
				BuildIndependentTargetsInParallel = 1;
				LastSwiftUpdateCheck = 1430;
				LastUpgradeCheck = 1430;
				TargetAttributes = {
					A6D93A6B2B06694700FF0536 = {
						CreatedOnToolsVersion = 14.3.1;
					};
				};
			};
			buildConfigurationList = A6D93A672B06694700FF0536 /* Build configuration list for PBXProject "mySentence" */;
			compatibilityVersion = "Xcode 14.0";
			developmentRegion = en;
			hasScannedForEncodings = 0;
			knownRegions = (
				en,
				Base,
			);
			mainGroup = A6D93A632B06694700FF0536;
			packageReferences = (
				A6D93AA52B07997500FF0536 /* XCRemoteSwiftPackageReference "GoogleSignIn-iOS" */,
				A66E4ADA2B086CBA0042B486 /* XCRemoteSwiftPackageReference "firebase-ios-sdk" */,
				A66E4AEB2B08A6540042B486 /* XCRemoteSwiftPackageReference "SnapKit" */,
			);
			productRefGroup = A6D93A6D2B06694700FF0536 /* Products */;
			projectDirPath = "";
			projectRoot = "";
			targets = (
				A6D93A6B2B06694700FF0536 /* mySentence */,
			);
		};
/* End PBXProject section */

/* Begin PBXResourcesBuildPhase section */
		A6D93A6A2B06694700FF0536 /* Resources */ = {
			isa = PBXResourcesBuildPhase;
			buildActionMask = 2147483647;
			files = (
				A6D93A7C2B06694900FF0536 /* LaunchScreen.storyboard in Resources */,
				A6D93A792B06694900FF0536 /* Assets.xcassets in Resources */,
				A6D93AAB2B079A6B00FF0536 /* GoogleService-Info.plist in Resources */,
			);
			runOnlyForDeploymentPostprocessing = 0;
		};
/* End PBXResourcesBuildPhase section */

/* Begin PBXSourcesBuildPhase section */
		A6D93A682B06694700FF0536 /* Sources */ = {
			isa = PBXSourcesBuildPhase;
			buildActionMask = 2147483647;
			files = (
				A66E4A9E2B07C6240042B486 /* UserManager.swift in Sources */,
				A6D93AB42B07C37300FF0536 /* RootViewController.swift in Sources */,
				A66E4AE02B087B390042B486 /* MainTabBarController.swift in Sources */,
				A6D93AB22B07C15200FF0536 /* User.swift in Sources */,
				A6D93A742B06694700FF0536 /* LoginViewController.swift in Sources */,
				A6D93A702B06694700FF0536 /* AppDelegate.swift in Sources */,
				A66E4AE22B087C710042B486 /* QuotesViewController.swift in Sources */,
				A6D93A722B06694700FF0536 /* SceneDelegate.swift in Sources */,
				A66E4AE42B087C840042B486 /* NewQuoteViewController.swift in Sources */,
				A66E4AE62B087C950042B486 /* SettingViewController.swift in Sources */,
			);
			runOnlyForDeploymentPostprocessing = 0;
		};
/* End PBXSourcesBuildPhase section */

/* Begin PBXVariantGroup section */
		A6D93A7A2B06694900FF0536 /* LaunchScreen.storyboard */ = {
			isa = PBXVariantGroup;
			children = (
				A6D93A7B2B06694900FF0536 /* Base */,
			);
			name = LaunchScreen.storyboard;
			sourceTree = "<group>";
		};
/* End PBXVariantGroup section */

/* Begin XCBuildConfiguration section */
		A6D93A7E2B06694900FF0536 /* Debug */ = {
			isa = XCBuildConfiguration;
			buildSettings = {
				ALWAYS_SEARCH_USER_PATHS = NO;
				CLANG_ANALYZER_NONNULL = YES;
				CLANG_ANALYZER_NUMBER_OBJECT_CONVERSION = YES_AGGRESSIVE;
				CLANG_CXX_LANGUAGE_STANDARD = "gnu++20";
				CLANG_ENABLE_MODULES = YES;
				CLANG_ENABLE_OBJC_ARC = YES;
				CLANG_ENABLE_OBJC_WEAK = YES;
				CLANG_WARN_BLOCK_CAPTURE_AUTORELEASING = YES;
				CLANG_WARN_BOOL_CONVERSION = YES;
				CLANG_WARN_COMMA = YES;
				CLANG_WARN_CONSTANT_CONVERSION = YES;
				CLANG_WARN_DEPRECATED_OBJC_IMPLEMENTATIONS = YES;
				CLANG_WARN_DIRECT_OBJC_ISA_USAGE = YES_ERROR;
				CLANG_WARN_DOCUMENTATION_COMMENTS = YES;
				CLANG_WARN_EMPTY_BODY = YES;
				CLANG_WARN_ENUM_CONVERSION = YES;
				CLANG_WARN_INFINITE_RECURSION = YES;
				CLANG_WARN_INT_CONVERSION = YES;
				CLANG_WARN_NON_LITERAL_NULL_CONVERSION = YES;
				CLANG_WARN_OBJC_IMPLICIT_RETAIN_SELF = YES;
				CLANG_WARN_OBJC_LITERAL_CONVERSION = YES;
				CLANG_WARN_OBJC_ROOT_CLASS = YES_ERROR;
				CLANG_WARN_QUOTED_INCLUDE_IN_FRAMEWORK_HEADER = YES;
				CLANG_WARN_RANGE_LOOP_ANALYSIS = YES;
				CLANG_WARN_STRICT_PROTOTYPES = YES;
				CLANG_WARN_SUSPICIOUS_MOVE = YES;
				CLANG_WARN_UNGUARDED_AVAILABILITY = YES_AGGRESSIVE;
				CLANG_WARN_UNREACHABLE_CODE = YES;
				CLANG_WARN__DUPLICATE_METHOD_MATCH = YES;
				COPY_PHASE_STRIP = NO;
				DEBUG_INFORMATION_FORMAT = dwarf;
				ENABLE_STRICT_OBJC_MSGSEND = YES;
				ENABLE_TESTABILITY = YES;
				GCC_C_LANGUAGE_STANDARD = gnu11;
				GCC_DYNAMIC_NO_PIC = NO;
				GCC_NO_COMMON_BLOCKS = YES;
				GCC_OPTIMIZATION_LEVEL = 0;
				GCC_PREPROCESSOR_DEFINITIONS = (
					"DEBUG=1",
					"$(inherited)",
				);
				GCC_WARN_64_TO_32_BIT_CONVERSION = YES;
				GCC_WARN_ABOUT_RETURN_TYPE = YES_ERROR;
				GCC_WARN_UNDECLARED_SELECTOR = YES;
				GCC_WARN_UNINITIALIZED_AUTOS = YES_AGGRESSIVE;
				GCC_WARN_UNUSED_FUNCTION = YES;
				GCC_WARN_UNUSED_VARIABLE = YES;
				IPHONEOS_DEPLOYMENT_TARGET = 16.4;
				MTL_ENABLE_DEBUG_INFO = INCLUDE_SOURCE;
				MTL_FAST_MATH = YES;
				ONLY_ACTIVE_ARCH = YES;
				SDKROOT = iphoneos;
				SWIFT_ACTIVE_COMPILATION_CONDITIONS = DEBUG;
				SWIFT_OPTIMIZATION_LEVEL = "-Onone";
			};
			name = Debug;
		};
		A6D93A7F2B06694900FF0536 /* Release */ = {
			isa = XCBuildConfiguration;
			buildSettings = {
				ALWAYS_SEARCH_USER_PATHS = NO;
				CLANG_ANALYZER_NONNULL = YES;
				CLANG_ANALYZER_NUMBER_OBJECT_CONVERSION = YES_AGGRESSIVE;
				CLANG_CXX_LANGUAGE_STANDARD = "gnu++20";
				CLANG_ENABLE_MODULES = YES;
				CLANG_ENABLE_OBJC_ARC = YES;
				CLANG_ENABLE_OBJC_WEAK = YES;
				CLANG_WARN_BLOCK_CAPTURE_AUTORELEASING = YES;
				CLANG_WARN_BOOL_CONVERSION = YES;
				CLANG_WARN_COMMA = YES;
				CLANG_WARN_CONSTANT_CONVERSION = YES;
				CLANG_WARN_DEPRECATED_OBJC_IMPLEMENTATIONS = YES;
				CLANG_WARN_DIRECT_OBJC_ISA_USAGE = YES_ERROR;
				CLANG_WARN_DOCUMENTATION_COMMENTS = YES;
				CLANG_WARN_EMPTY_BODY = YES;
				CLANG_WARN_ENUM_CONVERSION = YES;
				CLANG_WARN_INFINITE_RECURSION = YES;
				CLANG_WARN_INT_CONVERSION = YES;
				CLANG_WARN_NON_LITERAL_NULL_CONVERSION = YES;
				CLANG_WARN_OBJC_IMPLICIT_RETAIN_SELF = YES;
				CLANG_WARN_OBJC_LITERAL_CONVERSION = YES;
				CLANG_WARN_OBJC_ROOT_CLASS = YES_ERROR;
				CLANG_WARN_QUOTED_INCLUDE_IN_FRAMEWORK_HEADER = YES;
				CLANG_WARN_RANGE_LOOP_ANALYSIS = YES;
				CLANG_WARN_STRICT_PROTOTYPES = YES;
				CLANG_WARN_SUSPICIOUS_MOVE = YES;
				CLANG_WARN_UNGUARDED_AVAILABILITY = YES_AGGRESSIVE;
				CLANG_WARN_UNREACHABLE_CODE = YES;
				CLANG_WARN__DUPLICATE_METHOD_MATCH = YES;
				COPY_PHASE_STRIP = NO;
				DEBUG_INFORMATION_FORMAT = "dwarf-with-dsym";
				ENABLE_NS_ASSERTIONS = NO;
				ENABLE_STRICT_OBJC_MSGSEND = YES;
				GCC_C_LANGUAGE_STANDARD = gnu11;
				GCC_NO_COMMON_BLOCKS = YES;
				GCC_WARN_64_TO_32_BIT_CONVERSION = YES;
				GCC_WARN_ABOUT_RETURN_TYPE = YES_ERROR;
				GCC_WARN_UNDECLARED_SELECTOR = YES;
				GCC_WARN_UNINITIALIZED_AUTOS = YES_AGGRESSIVE;
				GCC_WARN_UNUSED_FUNCTION = YES;
				GCC_WARN_UNUSED_VARIABLE = YES;
				IPHONEOS_DEPLOYMENT_TARGET = 16.4;
				MTL_ENABLE_DEBUG_INFO = NO;
				MTL_FAST_MATH = YES;
				SDKROOT = iphoneos;
				SWIFT_COMPILATION_MODE = wholemodule;
				SWIFT_OPTIMIZATION_LEVEL = "-O";
				VALIDATE_PRODUCT = YES;
			};
			name = Release;
		};
		A6D93A812B06694900FF0536 /* Debug */ = {
			isa = XCBuildConfiguration;
			buildSettings = {
				ASSETCATALOG_COMPILER_APPICON_NAME = AppIcon;
				ASSETCATALOG_COMPILER_GLOBAL_ACCENT_COLOR_NAME = AccentColor;
				CODE_SIGN_STYLE = Automatic;
				CURRENT_PROJECT_VERSION = 1;
				GENERATE_INFOPLIST_FILE = YES;
				INFOPLIST_FILE = mySentence/Info.plist;
				INFOPLIST_KEY_UIApplicationSupportsIndirectInputEvents = YES;
				INFOPLIST_KEY_UILaunchStoryboardName = LaunchScreen;
				INFOPLIST_KEY_UISupportedInterfaceOrientations_iPad = "UIInterfaceOrientationPortrait UIInterfaceOrientationPortraitUpsideDown UIInterfaceOrientationLandscapeLeft UIInterfaceOrientationLandscapeRight";
				INFOPLIST_KEY_UISupportedInterfaceOrientations_iPhone = "UIInterfaceOrientationPortrait UIInterfaceOrientationLandscapeLeft UIInterfaceOrientationLandscapeRight";
				LD_RUNPATH_SEARCH_PATHS = (
					"$(inherited)",
					"@executable_path/Frameworks",
				);
				MARKETING_VERSION = 1.0;
				PRODUCT_BUNDLE_IDENTIFIER = com.jihyeole.mySentence;
				PRODUCT_NAME = "$(TARGET_NAME)";
				SWIFT_EMIT_LOC_STRINGS = YES;
				SWIFT_VERSION = 5.0;
				TARGETED_DEVICE_FAMILY = "1,2";
			};
			name = Debug;
		};
		A6D93A822B06694900FF0536 /* Release */ = {
			isa = XCBuildConfiguration;
			buildSettings = {
				ASSETCATALOG_COMPILER_APPICON_NAME = AppIcon;
				ASSETCATALOG_COMPILER_GLOBAL_ACCENT_COLOR_NAME = AccentColor;
				CODE_SIGN_STYLE = Automatic;
				CURRENT_PROJECT_VERSION = 1;
				GENERATE_INFOPLIST_FILE = YES;
				INFOPLIST_FILE = mySentence/Info.plist;
				INFOPLIST_KEY_UIApplicationSupportsIndirectInputEvents = YES;
				INFOPLIST_KEY_UILaunchStoryboardName = LaunchScreen;
				INFOPLIST_KEY_UISupportedInterfaceOrientations_iPad = "UIInterfaceOrientationPortrait UIInterfaceOrientationPortraitUpsideDown UIInterfaceOrientationLandscapeLeft UIInterfaceOrientationLandscapeRight";
				INFOPLIST_KEY_UISupportedInterfaceOrientations_iPhone = "UIInterfaceOrientationPortrait UIInterfaceOrientationLandscapeLeft UIInterfaceOrientationLandscapeRight";
				LD_RUNPATH_SEARCH_PATHS = (
					"$(inherited)",
					"@executable_path/Frameworks",
				);
				MARKETING_VERSION = 1.0;
				PRODUCT_BUNDLE_IDENTIFIER = com.jihyeole.mySentence;
				PRODUCT_NAME = "$(TARGET_NAME)";
				SWIFT_EMIT_LOC_STRINGS = YES;
				SWIFT_VERSION = 5.0;
				TARGETED_DEVICE_FAMILY = "1,2";
			};
			name = Release;
		};
/* End XCBuildConfiguration section */

/* Begin XCConfigurationList section */
		A6D93A672B06694700FF0536 /* Build configuration list for PBXProject "mySentence" */ = {
			isa = XCConfigurationList;
			buildConfigurations = (
				A6D93A7E2B06694900FF0536 /* Debug */,
				A6D93A7F2B06694900FF0536 /* Release */,
			);
			defaultConfigurationIsVisible = 0;
			defaultConfigurationName = Release;
		};
		A6D93A802B06694900FF0536 /* Build configuration list for PBXNativeTarget "mySentence" */ = {
			isa = XCConfigurationList;
			buildConfigurations = (
				A6D93A812B06694900FF0536 /* Debug */,
				A6D93A822B06694900FF0536 /* Release */,
			);
			defaultConfigurationIsVisible = 0;
			defaultConfigurationName = Release;
		};
/* End XCConfigurationList section */

/* Begin XCRemoteSwiftPackageReference section */
		A66E4ADA2B086CBA0042B486 /* XCRemoteSwiftPackageReference "firebase-ios-sdk" */ = {
			isa = XCRemoteSwiftPackageReference;
			repositoryURL = "https://github.com/firebase/firebase-ios-sdk";
			requirement = {
				kind = upToNextMajorVersion;
				minimumVersion = 10.0.0;
			};
		};
		A66E4AEB2B08A6540042B486 /* XCRemoteSwiftPackageReference "SnapKit" */ = {
			isa = XCRemoteSwiftPackageReference;
			repositoryURL = "https://github.com/SnapKit/SnapKit";
			requirement = {
				kind = upToNextMajorVersion;
				minimumVersion = 5.0.0;
			};
		};
		A6D93AA52B07997500FF0536 /* XCRemoteSwiftPackageReference "GoogleSignIn-iOS" */ = {
			isa = XCRemoteSwiftPackageReference;
			repositoryURL = "https://github.com/google/GoogleSignIn-iOS";
			requirement = {
				kind = upToNextMajorVersion;
				minimumVersion = 7.0.0;
			};
		};
/* End XCRemoteSwiftPackageReference section */

/* Begin XCSwiftPackageProductDependency section */
		A66E4ADB2B086CBA0042B486 /* FirebaseAuth */ = {
			isa = XCSwiftPackageProductDependency;
			package = A66E4ADA2B086CBA0042B486 /* XCRemoteSwiftPackageReference "firebase-ios-sdk" */;
			productName = FirebaseAuth;
		};
		A66E4AE72B08A51E0042B486 /* FirebaseFirestore */ = {
			isa = XCSwiftPackageProductDependency;
			package = A66E4ADA2B086CBA0042B486 /* XCRemoteSwiftPackageReference "firebase-ios-sdk" */;
			productName = FirebaseFirestore;
		};
		A66E4AE92B08A5230042B486 /* FirebaseFirestoreSwift */ = {
			isa = XCSwiftPackageProductDependency;
			package = A66E4ADA2B086CBA0042B486 /* XCRemoteSwiftPackageReference "firebase-ios-sdk" */;
			productName = FirebaseFirestoreSwift;
		};
		A66E4AEC2B08A6540042B486 /* SnapKit */ = {
			isa = XCSwiftPackageProductDependency;
			package = A66E4AEB2B08A6540042B486 /* XCRemoteSwiftPackageReference "SnapKit" */;
			productName = SnapKit;
		};
		A6D93AA62B07997500FF0536 /* GoogleSignIn */ = {
			isa = XCSwiftPackageProductDependency;
			package = A6D93AA52B07997500FF0536 /* XCRemoteSwiftPackageReference "GoogleSignIn-iOS" */;
			productName = GoogleSignIn;
		};
		A6D93AA82B07997500FF0536 /* GoogleSignInSwift */ = {
			isa = XCSwiftPackageProductDependency;
			package = A6D93AA52B07997500FF0536 /* XCRemoteSwiftPackageReference "GoogleSignIn-iOS" */;
			productName = GoogleSignInSwift;
		};
/* End XCSwiftPackageProductDependency section */
	};
	rootObject = A6D93A642B06694700FF0536 /* Project object */;
}
